
Microsoft Visual Studio Solution File, Format Version 12.00
# Visual Studio Version 16
VisualStudioVersion = 16.0.29911.84
MinimumVisualStudioVersion = 10.0.40219.1
Project("{FAE04EC0-301F-11D3-BF4B-00C04F79EFBC}") = "MonolithicSupervisor_MDP", "MonolithicSupervisor_MDP.csproj", "{4A2BD67F-C11E-44FA-9C86-704C05A3295D}"
EndProject
Global
	GlobalSection(SolutionConfigurationPlatforms) = preSolution
		Debug|Any CPU = Debug|Any CPU
		Release|Any CPU = Release|Any CPU
	EndGlobalSection
	GlobalSection(ProjectConfigurationPlatforms) = postSolution
		{4A2BD67F-C11E-44FA-9C86-704C05A3295D}.Debug|Any CPU.ActiveCfg = Debug|Any CPU
		{4A2BD67F-C11E-44FA-9C86-704C05A3295D}.Debug|Any CPU.Build.0 = Debug|Any CPU
		{4A2BD67F-C11E-44FA-9C86-704C05A3295D}.Release|Any CPU.ActiveCfg = Release|Any CPU
		{4A2BD67F-C11E-44FA-9C86-704C05A3295D}.Release|Any CPU.Build.0 = Release|Any CPU
	EndGlobalSection
	GlobalSection(SolutionProperties) = preSolution
		HideSolutionNode = FALSE
	EndGlobalSection
	GlobalSection(ExtensibilityGlobals) = postSolution
		SolutionGuid = {82954CB1-E3EB-49AE-AAC0-BF9435D8942E}
	EndGlobalSection
EndGlobal
